
Microsoft Visual Studio Solution File, Format Version 12.00
# Visual Studio Version 17
VisualStudioVersion = 17.7.34202.233
MinimumVisualStudioVersion = 10.0.40219.1
Project("{FAE04EC0-301F-11D3-BF4B-00C04F79EFBC}") = "Greed", "Greed\Greed.csproj", "{633D5345-90D8-47B7-AC60-1789A745C0A6}"
EndProject
Global
	GlobalSection(SolutionConfigurationPlatforms) = preSolution
		Debug|Any CPU = Debug|Any CPU
		Release|Any CPU = Release|Any CPU
	EndGlobalSection
	GlobalSection(ProjectConfigurationPlatforms) = postSolution
		{633D5345-90D8-47B7-AC60-1789A745C0A6}.Debug|Any CPU.ActiveCfg = Debug|Any CPU
		{633D5345-90D8-47B7-AC60-1789A745C0A6}.Debug|Any CPU.Build.0 = Debug|Any CPU
		{633D5345-90D8-47B7-AC60-1789A745C0A6}.Release|Any CPU.ActiveCfg = Release|Any CPU
		{633D5345-90D8-47B7-AC60-1789A745C0A6}.Release|Any CPU.Build.0 = Release|Any CPU
	EndGlobalSection
	GlobalSection(SolutionProperties) = preSolution
		HideSolutionNode = FALSE
	EndGlobalSection
	GlobalSection(ExtensibilityGlobals) = postSolution
		SolutionGuid = {2D015C62-B6A3-4951-83E0-AA692DDF17F6}
	EndGlobalSection
EndGlobal
